
Microsoft Visual Studio Solution File, Format Version 12.00
# Visual Studio Version 16
VisualStudioVersion = 16.0.29709.97
MinimumVisualStudioVersion = 10.0.40219.1
Project("{888888A0-9F3D-457C-B088-3A5042F75D52}") = "PyProject01", "PyProject01.pyproj", "{4449EE0B-1FC6-4C6B-9488-34F554A7210E}"
EndProject
Global
	GlobalSection(SolutionConfigurationPlatforms) = preSolution
		Debug|Any CPU = Debug|Any CPU
		Release|Any CPU = Release|Any CPU
	EndGlobalSection
	GlobalSection(ProjectConfigurationPlatforms) = postSolution
		{4449EE0B-1FC6-4C6B-9488-34F554A7210E}.Debug|Any CPU.ActiveCfg = Debug|Any CPU
		{4449EE0B-1FC6-4C6B-9488-34F554A7210E}.Release|Any CPU.ActiveCfg = Release|Any CPU
	EndGlobalSection
	GlobalSection(SolutionProperties) = preSolution
		HideSolutionNode = FALSE
	EndGlobalSection
	GlobalSection(ExtensibilityGlobals) = postSolution
		SolutionGuid = {28A52BFE-67D7-43F5-8EC6-0AB2D084F134}
	EndGlobalSection
EndGlobal
